
Microsoft Visual Studio Solution File, Format Version 12.00
# Visual Studio Version 16
VisualStudioVersion = 16.0.29709.97
MinimumVisualStudioVersion = 10.0.40219.1
Project("{FAE04EC0-301F-11D3-BF4B-00C04F79EFBC}") = "ToDoList", "ToDoList\ToDoList.csproj", "{AFAA7A60-81B4-455B-A91B-3409208B7A23}"
EndProject
Global
	GlobalSection(SolutionConfigurationPlatforms) = preSolution
		Debug|Any CPU = Debug|Any CPU
		Release|Any CPU = Release|Any CPU
	EndGlobalSection
	GlobalSection(ProjectConfigurationPlatforms) = postSolution
		{AFAA7A60-81B4-455B-A91B-3409208B7A23}.Debug|Any CPU.ActiveCfg = Debug|Any CPU
		{AFAA7A60-81B4-455B-A91B-3409208B7A23}.Debug|Any CPU.Build.0 = Debug|Any CPU
		{AFAA7A60-81B4-455B-A91B-3409208B7A23}.Release|Any CPU.ActiveCfg = Release|Any CPU
		{AFAA7A60-81B4-455B-A91B-3409208B7A23}.Release|Any CPU.Build.0 = Release|Any CPU
	EndGlobalSection
	GlobalSection(SolutionProperties) = preSolution
		HideSolutionNode = FALSE
	EndGlobalSection
	GlobalSection(ExtensibilityGlobals) = postSolution
		SolutionGuid = {7B7DC94F-E262-4012-9E29-ABF2FF8B5088}
	EndGlobalSection
EndGlobal
